// !$*UTF8*$!
{
	archiveVersion = 1;
	classes = {
	};
	objectVersion = 48;
	objects = {

/* Begin PBXBuildFile section */
		DF4B4572201DD59A005BB38A /* AppDelegate.swift in Sources */ = {isa = PBXBuildFile; fileRef = DF4B4571201DD59A005BB38A /* AppDelegate.swift */; };
		DF4B4574201DD59B005BB38A /* art.scnassets in Resources */ = {isa = PBXBuildFile; fileRef = DF4B4573201DD59B005BB38A /* art.scnassets */; };
		DF4B4576201DD59B005BB38A /* ViewController.swift in Sources */ = {isa = PBXBuildFile; fileRef = DF4B4575201DD59B005BB38A /* ViewController.swift */; };
		DF4B4579201DD59B005BB38A /* Main.storyboard in Resources */ = {isa = PBXBuildFile; fileRef = DF4B4577201DD59B005BB38A /* Main.storyboard */; };
		DF4B457B201DD59B005BB38A /* Assets.xcassets in Resources */ = {isa = PBXBuildFile; fileRef = DF4B457A201DD59B005BB38A /* Assets.xcassets */; };
		DF4B457E201DD59B005BB38A /* LaunchScreen.storyboard in Resources */ = {isa = PBXBuildFile; fileRef = DF4B457C201DD59B005BB38A /* LaunchScreen.storyboard */; };
		DF4B45A2201DDC21005BB38A /* CollisionCategory.swift in Sources */ = {isa = PBXBuildFile; fileRef = DF4B45A1201DDC21005BB38A /* CollisionCategory.swift */; };
		DF4B45A4201DDE69005BB38A /* Plane.swift in Sources */ = {isa = PBXBuildFile; fileRef = DF4B45A3201DDE69005BB38A /* Plane.swift */; };
		DF4B45A620206B6E005BB38A /* Character.swift in Sources */ = {isa = PBXBuildFile; fileRef = DF4B45A520206B6E005BB38A /* Character.swift */; };
		DF4B45A8202083CD005BB38A /* SCNVector3Extensions.swift in Sources */ = {isa = PBXBuildFile; fileRef = DF4B45A7202083CD005BB38A /* SCNVector3Extensions.swift */; };
		DFC1FFCB2024344700C5E18A /* ARVideoKit.framework in Frameworks */ = {isa = PBXBuildFile; fileRef = DFC7CFB82023FFC300019576 /* ARVideoKit.framework */; };
		DFC1FFCC2024344700C5E18A /* ARVideoKit.framework in Embed Frameworks */ = {isa = PBXBuildFile; fileRef = DFC7CFB82023FFC300019576 /* ARVideoKit.framework */; settings = {ATTRIBUTES = (CodeSignOnCopy, RemoveHeadersOnCopy, ); }; };
/* End PBXBuildFile section */

/* Begin PBXCopyFilesBuildPhase section */
		DF64DD7E20231C15002353B4 /* Embed Frameworks */ = {
			isa = PBXCopyFilesBuildPhase;
			buildActionMask = 2147483647;
			dstPath = "";
			dstSubfolderSpec = 10;
			files = (
				DFC1FFCC2024344700C5E18A /* ARVideoKit.framework in Embed Frameworks */,
			);
			name = "Embed Frameworks";
			runOnlyForDeploymentPostprocessing = 0;
		};
/* End PBXCopyFilesBuildPhase section */

/* Begin PBXFileReference section */
		DF4B456E201DD59A005BB38A /* PongARKit.app */ = {isa = PBXFileReference; explicitFileType = wrapper.application; includeInIndex = 0; path = PongARKit.app; sourceTree = BUILT_PRODUCTS_DIR; };
		DF4B4571201DD59A005BB38A /* AppDelegate.swift */ = {isa = PBXFileReference; lastKnownFileType = sourcecode.swift; path = AppDelegate.swift; sourceTree = "<group>"; };
		DF4B4573201DD59B005BB38A /* art.scnassets */ = {isa = PBXFileReference; lastKnownFileType = wrapper.scnassets; path = art.scnassets; sourceTree = "<group>"; };
		DF4B4575201DD59B005BB38A /* ViewController.swift */ = {isa = PBXFileReference; lastKnownFileType = sourcecode.swift; path = ViewController.swift; sourceTree = "<group>"; };
		DF4B4578201DD59B005BB38A /* Base */ = {isa = PBXFileReference; lastKnownFileType = file.storyboard; name = Base; path = Base.lproj/Main.storyboard; sourceTree = "<group>"; };
		DF4B457A201DD59B005BB38A /* Assets.xcassets */ = {isa = PBXFileReference; lastKnownFileType = folder.assetcatalog; path = Assets.xcassets; sourceTree = "<group>"; };
		DF4B457D201DD59B005BB38A /* Base */ = {isa = PBXFileReference; lastKnownFileType = file.storyboard; name = Base; path = Base.lproj/LaunchScreen.storyboard; sourceTree = "<group>"; };
		DF4B457F201DD59B005BB38A /* Info.plist */ = {isa = PBXFileReference; lastKnownFileType = text.plist.xml; path = Info.plist; sourceTree = "<group>"; };
		DF4B45A1201DDC21005BB38A /* CollisionCategory.swift */ = {isa = PBXFileReference; lastKnownFileType = sourcecode.swift; path = CollisionCategory.swift; sourceTree = "<group>"; };
		DF4B45A3201DDE69005BB38A /* Plane.swift */ = {isa = PBXFileReference; lastKnownFileType = sourcecode.swift; path = Plane.swift; sourceTree = "<group>"; };
		DF4B45A520206B6E005BB38A /* Character.swift */ = {isa = PBXFileReference; lastKnownFileType = sourcecode.swift; path = Character.swift; sourceTree = "<group>"; };
		DF4B45A7202083CD005BB38A /* SCNVector3Extensions.swift */ = {isa = PBXFileReference; lastKnownFileType = sourcecode.swift; path = SCNVector3Extensions.swift; sourceTree = "<group>"; };
		DFC7CFB82023FFC300019576 /* ARVideoKit.framework */ = {isa = PBXFileReference; lastKnownFileType = wrapper.framework; path = ARVideoKit.framework; sourceTree = "<group>"; };
/* End PBXFileReference section */

/* Begin PBXFrameworksBuildPhase section */
		DF4B456B201DD59A005BB38A /* Frameworks */ = {
			isa = PBXFrameworksBuildPhase;
			buildActionMask = 2147483647;
			files = (
				DFC1FFCB2024344700C5E18A /* ARVideoKit.framework in Frameworks */,
			);
			runOnlyForDeploymentPostprocessing = 0;
		};
/* End PBXFrameworksBuildPhase section */

/* Begin PBXGroup section */
		DF0E064D20244A62000EC013 /* Controllers */ = {
			isa = PBXGroup;
			children = (
				DF4B4575201DD59B005BB38A /* ViewController.swift */,
			);
			path = Controllers;
			sourceTree = "<group>";
		};
		DF0E064E20244A6C000EC013 /* Storyboards */ = {
			isa = PBXGroup;
			children = (
				DF4B4577201DD59B005BB38A /* Main.storyboard */,
				DF4B457C201DD59B005BB38A /* LaunchScreen.storyboard */,
			);
			path = Storyboards;
			sourceTree = "<group>";
		};
		DF0E064F20244A7E000EC013 /* Assets */ = {
			isa = PBXGroup;
			children = (
				DF4B457A201DD59B005BB38A /* Assets.xcassets */,
				DF4B4573201DD59B005BB38A /* art.scnassets */,
			);
			path = Assets;
			sourceTree = "<group>";
		};
		DF0E065020244AD2000EC013 /* Structures */ = {
			isa = PBXGroup;
			children = (
				DF4B45A1201DDC21005BB38A /* CollisionCategory.swift */,
				DF4B45A3201DDE69005BB38A /* Plane.swift */,
				DF4B45A520206B6E005BB38A /* Character.swift */,
				DF4B45A7202083CD005BB38A /* SCNVector3Extensions.swift */,
			);
			path = Structures;
			sourceTree = "<group>";
		};
		DF4B4565201DD59A005BB38A = {
			isa = PBXGroup;
			children = (
				DF4B4570201DD59A005BB38A /* PongARKit */,
				DF4B456F201DD59A005BB38A /* Products */,
				DF64DD7020231929002353B4 /* Frameworks */,
			);
			sourceTree = "<group>";
		};
		DF4B456F201DD59A005BB38A /* Products */ = {
			isa = PBXGroup;
			children = (
				DF4B456E201DD59A005BB38A /* PongARKit.app */,
			);
			name = Products;
			sourceTree = "<group>";
		};
		DF4B4570201DD59A005BB38A /* PongARKit */ = {
			isa = PBXGroup;
			children = (
				DF0E065020244AD2000EC013 /* Structures */,
				DF0E064D20244A62000EC013 /* Controllers */,
				DF0E064E20244A6C000EC013 /* Storyboards */,
				DF0E064F20244A7E000EC013 /* Assets */,
				DF4B4571201DD59A005BB38A /* AppDelegate.swift */,
				DF4B457F201DD59B005BB38A /* Info.plist */,
			);
			path = PongARKit;
			sourceTree = "<group>";
		};
		DF64DD7020231929002353B4 /* Frameworks */ = {
			isa = PBXGroup;
			children = (
				DFC7CFB82023FFC300019576 /* ARVideoKit.framework */,
			);
			name = Frameworks;
			sourceTree = "<group>";
		};
/* End PBXGroup section */

/* Begin PBXNativeTarget section */
		DF4B456D201DD59A005BB38A /* PongARKit */ = {
			isa = PBXNativeTarget;
			buildConfigurationList = DF4B4598201DD59B005BB38A /* Build configuration list for PBXNativeTarget "PongARKit" */;
			buildPhases = (
				DF4B456A201DD59A005BB38A /* Sources */,
				DF4B456B201DD59A005BB38A /* Frameworks */,
				DF4B456C201DD59A005BB38A /* Resources */,
				DF64DD7E20231C15002353B4 /* Embed Frameworks */,
			);
			buildRules = (
			);
			dependencies = (
			);
			name = PongARKit;
			productName = PongARKit;
			productReference = DF4B456E201DD59A005BB38A /* PongARKit.app */;
			productType = "com.apple.product-type.application";
		};
/* End PBXNativeTarget section */

/* Begin PBXProject section */
		DF4B4566201DD59A005BB38A /* Project object */ = {
			isa = PBXProject;
			attributes = {
				LastSwiftUpdateCheck = 0920;
				LastUpgradeCheck = 0920;
				ORGANIZATIONNAME = ssrh;
				TargetAttributes = {
					DF4B456D201DD59A005BB38A = {
						CreatedOnToolsVersion = 9.2;
						ProvisioningStyle = Automatic;
					};
				};
			};
			buildConfigurationList = DF4B4569201DD59A005BB38A /* Build configuration list for PBXProject "PongARKit" */;
			compatibilityVersion = "Xcode 8.0";
			developmentRegion = en;
			hasScannedForEncodings = 0;
			knownRegions = (
				en,
				Base,
			);
			mainGroup = DF4B4565201DD59A005BB38A;
			productRefGroup = DF4B456F201DD59A005BB38A /* Products */;
			projectDirPath = "";
			projectRoot = "";
			targets = (
				DF4B456D201DD59A005BB38A /* PongARKit */,
			);
		};
/* End PBXProject section */

/* Begin PBXResourcesBuildPhase section */
		DF4B456C201DD59A005BB38A /* Resources */ = {
			isa = PBXResourcesBuildPhase;
			buildActionMask = 2147483647;
			files = (
				DF4B4574201DD59B005BB38A /* art.scnassets in Resources */,
				DF4B457E201DD59B005BB38A /* LaunchScreen.storyboard in Resources */,
				DF4B457B201DD59B005BB38A /* Assets.xcassets in Resources */,
				DF4B4579201DD59B005BB38A /* Main.storyboard in Resources */,
			);
			runOnlyForDeploymentPostprocessing = 0;
		};
/* End PBXResourcesBuildPhase section */

/* Begin PBXSourcesBuildPhase section */
		DF4B456A201DD59A005BB38A /* Sources */ = {
			isa = PBXSourcesBuildPhase;
			buildActionMask = 2147483647;
			files = (
				DF4B4576201DD59B005BB38A /* ViewController.swift in Sources */,
				DF4B4572201DD59A005BB38A /* AppDelegate.swift in Sources */,
				DF4B45A620206B6E005BB38A /* Character.swift in Sources */,
				DF4B45A8202083CD005BB38A /* SCNVector3Extensions.swift in Sources */,
				DF4B45A4201DDE69005BB38A /* Plane.swift in Sources */,
				DF4B45A2201DDC21005BB38A /* CollisionCategory.swift in Sources */,
			);
			runOnlyForDeploymentPostprocessing = 0;
		};
/* End PBXSourcesBuildPhase section */

/* Begin PBXVariantGroup section */
		DF4B4577201DD59B005BB38A /* Main.storyboard */ = {
			isa = PBXVariantGroup;
			children = (
				DF4B4578201DD59B005BB38A /* Base */,
			);
			name = Main.storyboard;
			sourceTree = "<group>";
		};
		DF4B457C201DD59B005BB38A /* LaunchScreen.storyboard */ = {
			isa = PBXVariantGroup;
			children = (
				DF4B457D201DD59B005BB38A /* Base */,
			);
			name = LaunchScreen.storyboard;
			sourceTree = "<group>";
		};
/* End PBXVariantGroup section */

/* Begin XCBuildConfiguration section */
		DF4B4596201DD59B005BB38A /* Debug */ = {
			isa = XCBuildConfiguration;
			buildSettings = {
				ALWAYS_SEARCH_USER_PATHS = NO;
				CLANG_ANALYZER_NONNULL = YES;
				CLANG_ANALYZER_NUMBER_OBJECT_CONVERSION = YES_AGGRESSIVE;
				CLANG_CXX_LANGUAGE_STANDARD = "gnu++14";
				CLANG_CXX_LIBRARY = "libc++";
				CLANG_ENABLE_MODULES = YES;
				CLANG_ENABLE_OBJC_ARC = YES;
				CLANG_WARN_BLOCK_CAPTURE_AUTORELEASING = YES;
				CLANG_WARN_BOOL_CONVERSION = YES;
				CLANG_WARN_COMMA = YES;
				CLANG_WARN_CONSTANT_CONVERSION = YES;
				CLANG_WARN_DIRECT_OBJC_ISA_USAGE = YES_ERROR;
				CLANG_WARN_DOCUMENTATION_COMMENTS = YES;
				CLANG_WARN_EMPTY_BODY = YES;
				CLANG_WARN_ENUM_CONVERSION = YES;
				CLANG_WARN_INFINITE_RECURSION = YES;
				CLANG_WARN_INT_CONVERSION = YES;
				CLANG_WARN_NON_LITERAL_NULL_CONVERSION = YES;
				CLANG_WARN_OBJC_LITERAL_CONVERSION = YES;
				CLANG_WARN_OBJC_ROOT_CLASS = YES_ERROR;
				CLANG_WARN_RANGE_LOOP_ANALYSIS = YES;
				CLANG_WARN_STRICT_PROTOTYPES = YES;
				CLANG_WARN_SUSPICIOUS_MOVE = YES;
				CLANG_WARN_UNGUARDED_AVAILABILITY = YES_AGGRESSIVE;
				CLANG_WARN_UNREACHABLE_CODE = YES;
				CLANG_WARN__DUPLICATE_METHOD_MATCH = YES;
				CODE_SIGN_IDENTITY = "iPhone Developer";
				COPY_PHASE_STRIP = NO;
				DEBUG_INFORMATION_FORMAT = dwarf;
				ENABLE_STRICT_OBJC_MSGSEND = YES;
				ENABLE_TESTABILITY = YES;
				GCC_C_LANGUAGE_STANDARD = gnu11;
				GCC_DYNAMIC_NO_PIC = NO;
				GCC_NO_COMMON_BLOCKS = YES;
				GCC_OPTIMIZATION_LEVEL = 0;
				GCC_PREPROCESSOR_DEFINITIONS = (
					"DEBUG=1",
					"$(inherited)",
				);
				GCC_WARN_64_TO_32_BIT_CONVERSION = YES;
				GCC_WARN_ABOUT_RETURN_TYPE = YES_ERROR;
				GCC_WARN_UNDECLARED_SELECTOR = YES;
				GCC_WARN_UNINITIALIZED_AUTOS = YES_AGGRESSIVE;
				GCC_WARN_UNUSED_FUNCTION = YES;
				GCC_WARN_UNUSED_VARIABLE = YES;
				IPHONEOS_DEPLOYMENT_TARGET = 11.2;
				MTL_ENABLE_DEBUG_INFO = YES;
				ONLY_ACTIVE_ARCH = YES;
				SDKROOT = iphoneos;
				SWIFT_ACTIVE_COMPILATION_CONDITIONS = DEBUG;
				SWIFT_OPTIMIZATION_LEVEL = "-Onone";
			};
			name = Debug;
		};
		DF4B4597201DD59B005BB38A /* Release */ = {
			isa = XCBuildConfiguration;
			buildSettings = {
				ALWAYS_SEARCH_USER_PATHS = NO;
				CLANG_ANALYZER_NONNULL = YES;
				CLANG_ANALYZER_NUMBER_OBJECT_CONVERSION = YES_AGGRESSIVE;
				CLANG_CXX_LANGUAGE_STANDARD = "gnu++14";
				CLANG_CXX_LIBRARY = "libc++";
				CLANG_ENABLE_MODULES = YES;
				CLANG_ENABLE_OBJC_ARC = YES;
				CLANG_WARN_BLOCK_CAPTURE_AUTORELEASING = YES;
				CLANG_WARN_BOOL_CONVERSION = YES;
				CLANG_WARN_COMMA = YES;
				CLANG_WARN_CONSTANT_CONVERSION = YES;
				CLANG_WARN_DIRECT_OBJC_ISA_USAGE = YES_ERROR;
				CLANG_WARN_DOCUMENTATION_COMMENTS = YES;
				CLANG_WARN_EMPTY_BODY = YES;
				CLANG_WARN_ENUM_CONVERSION = YES;
				CLANG_WARN_INFINITE_RECURSION = YES;
				CLANG_WARN_INT_CONVERSION = YES;
				CLANG_WARN_NON_LITERAL_NULL_CONVERSION = YES;
				CLANG_WARN_OBJC_LITERAL_CONVERSION = YES;
				CLANG_WARN_OBJC_ROOT_CLASS = YES_ERROR;
				CLANG_WARN_RANGE_LOOP_ANALYSIS = YES;
				CLANG_WARN_STRICT_PROTOTYPES = YES;
				CLANG_WARN_SUSPICIOUS_MOVE = YES;
				CLANG_WARN_UNGUARDED_AVAILABILITY = YES_AGGRESSIVE;
				CLANG_WARN_UNREACHABLE_CODE = YES;
				CLANG_WARN__DUPLICATE_METHOD_MATCH = YES;
				CODE_SIGN_IDENTITY = "iPhone Developer";
				COPY_PHASE_STRIP = NO;
				DEBUG_INFORMATION_FORMAT = "dwarf-with-dsym";
				ENABLE_NS_ASSERTIONS = NO;
				ENABLE_STRICT_OBJC_MSGSEND = YES;
				GCC_C_LANGUAGE_STANDARD = gnu11;
				GCC_NO_COMMON_BLOCKS = YES;
				GCC_WARN_64_TO_32_BIT_CONVERSION = YES;
				GCC_WARN_ABOUT_RETURN_TYPE = YES_ERROR;
				GCC_WARN_UNDECLARED_SELECTOR = YES;
				GCC_WARN_UNINITIALIZED_AUTOS = YES_AGGRESSIVE;
				GCC_WARN_UNUSED_FUNCTION = YES;
				GCC_WARN_UNUSED_VARIABLE = YES;
				IPHONEOS_DEPLOYMENT_TARGET = 11.2;
				MTL_ENABLE_DEBUG_INFO = NO;
				SDKROOT = iphoneos;
				SWIFT_OPTIMIZATION_LEVEL = "-Owholemodule";
				VALIDATE_PRODUCT = YES;
			};
			name = Release;
		};
		DF4B4599201DD59B005BB38A /* Debug */ = {
			isa = XCBuildConfiguration;
			buildSettings = {
				ALWAYS_EMBED_SWIFT_STANDARD_LIBRARIES = YES;
				ALWAYS_SEARCH_USER_PATHS = NO;
				ASSETCATALOG_COMPILER_APPICON_NAME = AppIcon;
				CODE_SIGN_STYLE = Automatic;
				DEVELOPMENT_TEAM = PL3YZ242A5;
				FRAMEWORK_SEARCH_PATHS = "$(PROJECT_DIR)";
				INFOPLIST_FILE = PongARKit/Info.plist;
				LD_RUNPATH_SEARCH_PATHS = "$(inherited) @executable_path/Frameworks";
				PRODUCT_BUNDLE_IDENTIFIER = com.joyjones.bighead;
				PRODUCT_NAME = "$(TARGET_NAME)";
				SWIFT_VERSION = 4.0;
				TARGETED_DEVICE_FAMILY = "1,2";
			};
			name = Debug;
		};
		DF4B459A201DD59B005BB38A /* Release */ = {
			isa = XCBuildConfiguration;
			buildSettings = {
				ALWAYS_EMBED_SWIFT_STANDARD_LIBRARIES = YES;
				ALWAYS_SEARCH_USER_PATHS = NO;
				ASSETCATALOG_COMPILER_APPICON_NAME = AppIcon;
				CODE_SIGN_STYLE = Automatic;
				DEVELOPMENT_TEAM = PL3YZ242A5;
				FRAMEWORK_SEARCH_PATHS = "$(PROJECT_DIR)";
				INFOPLIST_FILE = PongARKit/Info.plist;
				LD_RUNPATH_SEARCH_PATHS = "$(inherited) @executable_path/Frameworks";
				PRODUCT_BUNDLE_IDENTIFIER = com.joyjones.bighead;
				PRODUCT_NAME = "$(TARGET_NAME)";
				SWIFT_VERSION = 4.0;
				TARGETED_DEVICE_FAMILY = "1,2";
			};
			name = Release;
		};
/* End XCBuildConfiguration section */

/* Begin XCConfigurationList section */
		DF4B4569201DD59A005BB38A /* Build configuration list for PBXProject "PongARKit" */ = {
			isa = XCConfigurationList;
			buildConfigurations = (
				DF4B4596201DD59B005BB38A /* Debug */,
				DF4B4597201DD59B005BB38A /* Release */,
			);
			defaultConfigurationIsVisible = 0;
			defaultConfigurationName = Release;
		};
		DF4B4598201DD59B005BB38A /* Build configuration list for PBXNativeTarget "PongARKit" */ = {
			isa = XCConfigurationList;
			buildConfigurations = (
				DF4B4599201DD59B005BB38A /* Debug */,
				DF4B459A201DD59B005BB38A /* Release */,
			);
			defaultConfigurationIsVisible = 0;
			defaultConfigurationName = Release;
		};
/* End XCConfigurationList section */
	};
	rootObject = DF4B4566201DD59A005BB38A /* Project object */;
}
